
Microsoft Visual Studio Solution File, Format Version 12.00
# Visual Studio Version 16
VisualStudioVersion = 16.0.30517.126
MinimumVisualStudioVersion = 10.0.40219.1
Project("{FAE04EC0-301F-11D3-BF4B-00C04F79EFBC}") = "2. EquiposNBA", "2. EquiposNBA\2. EquiposNBA.csproj", "{66447C92-4DCE-423E-98F3-713A5FDB11B4}"
EndProject
Global
	GlobalSection(SolutionConfigurationPlatforms) = preSolution
		Debug|Any CPU = Debug|Any CPU
		Release|Any CPU = Release|Any CPU
	EndGlobalSection
	GlobalSection(ProjectConfigurationPlatforms) = postSolution
		{66447C92-4DCE-423E-98F3-713A5FDB11B4}.Debug|Any CPU.ActiveCfg = Debug|Any CPU
		{66447C92-4DCE-423E-98F3-713A5FDB11B4}.Debug|Any CPU.Build.0 = Debug|Any CPU
		{66447C92-4DCE-423E-98F3-713A5FDB11B4}.Release|Any CPU.ActiveCfg = Release|Any CPU
		{66447C92-4DCE-423E-98F3-713A5FDB11B4}.Release|Any CPU.Build.0 = Release|Any CPU
	EndGlobalSection
	GlobalSection(SolutionProperties) = preSolution
		HideSolutionNode = FALSE
	EndGlobalSection
	GlobalSection(ExtensibilityGlobals) = postSolution
		SolutionGuid = {F1774AF3-4801-42D4-B24D-0A47B2BE75D1}
	EndGlobalSection
EndGlobal
